
Microsoft Visual Studio Solution File, Format Version 12.00
# Visual Studio Version 17
VisualStudioVersion = 17.0.31903.59
MinimumVisualStudioVersion = 10.0.40219.1
Project("{2150E333-8FDC-42A3-9474-1A3956D46DE8}") = "backend", "backend", "{1AE8ACA6-933B-BF2A-3671-3E2EAC007D16}"
EndProject
Project("{2150E333-8FDC-42A3-9474-1A3956D46DE8}") = "src", "src", "{0F9113EE-888A-26D2-68B0-4A7D0A2A8745}"
EndProject
Project("{2150E333-8FDC-42A3-9474-1A3956D46DE8}") = "Core.Domain", "Core.Domain", "{26560644-ED47-7786-0701-E1E5D228FF61}"
EndProject
Project("{FAE04EC0-301F-11D3-BF4B-00C04F79EFBC}") = "MyIS.Core.Domain", "backend\src\Core.Domain\MyIS.Core.Domain.csproj", "{AEA34154-5FC4-420F-A45B-C5B198FC4046}"
EndProject
Project("{2150E333-8FDC-42A3-9474-1A3956D46DE8}") = "Core.Application", "Core.Application", "{98430A48-F7A9-8C15-CB60-991D07402761}"
EndProject
Project("{FAE04EC0-301F-11D3-BF4B-00C04F79EFBC}") = "MyIS.Core.Application", "backend\src\Core.Application\MyIS.Core.Application.csproj", "{4063CDB0-B241-4DB1-AF46-41CF77131134}"
EndProject
Project("{2150E333-8FDC-42A3-9474-1A3956D46DE8}") = "Core.Infrastructure", "Core.Infrastructure", "{60BC86BC-E498-3BAF-6A4B-98E56BCB06EC}"
EndProject
Project("{FAE04EC0-301F-11D3-BF4B-00C04F79EFBC}") = "MyIS.Core.Infrastructure", "backend\src\Core.Infrastructure\MyIS.Core.Infrastructure.csproj", "{42DE476B-4630-41DE-B371-A13BAC9B32A7}"
EndProject
Project("{2150E333-8FDC-42A3-9474-1A3956D46DE8}") = "Core.WebApi", "Core.WebApi", "{F2B8F2AD-3D11-5785-8239-4B0A21A827E5}"
EndProject
Project("{FAE04EC0-301F-11D3-BF4B-00C04F79EFBC}") = "MyIS.Core.WebApi", "backend\src\Core.WebApi\MyIS.Core.WebApi.csproj", "{70C6A77B-2983-46FD-B9BC-4D686773FCB5}"
EndProject
Project("{2150E333-8FDC-42A3-9474-1A3956D46DE8}") = "tests", "tests", "{F57642F3-C37C-D174-720E-6A6AAD5BEE22}"
EndProject
Project("{2150E333-8FDC-42A3-9474-1A3956D46DE8}") = "Core.Infrastructure.Tests", "Core.Infrastructure.Tests", "{A0B7CB25-DBDE-143D-CD2F-1157DE3CF282}"
EndProject
Project("{FAE04EC0-301F-11D3-BF4B-00C04F79EFBC}") = "MyIS.Core.Infrastructure.Tests", "backend\tests\Core.Infrastructure.Tests\MyIS.Core.Infrastructure.Tests.csproj", "{E3583456-7B1E-4DB7-9040-8269A26A0CB8}"
EndProject
Project("{FAE04EC0-301F-11D3-BF4B-00C04F79EFBC}") = "MyIS.Core.Domain.Tests", "backend\tests\MyIS.Core.Domain.Tests\MyIS.Core.Domain.Tests.csproj", "{C7F498F2-8D33-42C2-BCBB-21D29D7B4187}"
EndProject
Project("{FAE04EC0-301F-11D3-BF4B-00C04F79EFBC}") = "MyIS.Core.Application.Tests", "backend\tests\MyIS.Core.Application.Tests\MyIS.Core.Application.Tests.csproj", "{068F519A-2F35-40DA-AA7F-501C8EF0CBF5}"
EndProject
Project("{FAE04EC0-301F-11D3-BF4B-00C04F79EFBC}") = "MyIS.Core.WebApi.IntegrationTests", "backend\tests\MyIS.Core.WebApi.IntegrationTests\MyIS.Core.WebApi.IntegrationTests.csproj", "{7197E8FE-0FB2-4758-9210-A30D887D27DE}"
EndProject
Global
	GlobalSection(SolutionConfigurationPlatforms) = preSolution
		Debug|Any CPU = Debug|Any CPU
		Debug|x64 = Debug|x64
		Debug|x86 = Debug|x86
		Release|Any CPU = Release|Any CPU
		Release|x64 = Release|x64
		Release|x86 = Release|x86
	EndGlobalSection
	GlobalSection(ProjectConfigurationPlatforms) = postSolution
		{AEA34154-5FC4-420F-A45B-C5B198FC4046}.Debug|Any CPU.ActiveCfg = Debug|Any CPU
		{AEA34154-5FC4-420F-A45B-C5B198FC4046}.Debug|Any CPU.Build.0 = Debug|Any CPU
		{AEA34154-5FC4-420F-A45B-C5B198FC4046}.Debug|x64.ActiveCfg = Debug|Any CPU
		{AEA34154-5FC4-420F-A45B-C5B198FC4046}.Debug|x64.Build.0 = Debug|Any CPU
		{AEA34154-5FC4-420F-A45B-C5B198FC4046}.Debug|x86.ActiveCfg = Debug|Any CPU
		{AEA34154-5FC4-420F-A45B-C5B198FC4046}.Debug|x86.Build.0 = Debug|Any CPU
		{AEA34154-5FC4-420F-A45B-C5B198FC4046}.Release|Any CPU.ActiveCfg = Release|Any CPU
		{AEA34154-5FC4-420F-A45B-C5B198FC4046}.Release|Any CPU.Build.0 = Release|Any CPU
		{AEA34154-5FC4-420F-A45B-C5B198FC4046}.Release|x64.ActiveCfg = Release|Any CPU
		{AEA34154-5FC4-420F-A45B-C5B198FC4046}.Release|x64.Build.0 = Release|Any CPU
		{AEA34154-5FC4-420F-A45B-C5B198FC4046}.Release|x86.ActiveCfg = Release|Any CPU
		{AEA34154-5FC4-420F-A45B-C5B198FC4046}.Release|x86.Build.0 = Release|Any CPU
		{4063CDB0-B241-4DB1-AF46-41CF77131134}.Debug|Any CPU.ActiveCfg = Debug|Any CPU
		{4063CDB0-B241-4DB1-AF46-41CF77131134}.Debug|Any CPU.Build.0 = Debug|Any CPU
		{4063CDB0-B241-4DB1-AF46-41CF77131134}.Debug|x64.ActiveCfg = Debug|Any CPU
		{4063CDB0-B241-4DB1-AF46-41CF77131134}.Debug|x64.Build.0 = Debug|Any CPU
		{4063CDB0-B241-4DB1-AF46-41CF77131134}.Debug|x86.ActiveCfg = Debug|Any CPU
		{4063CDB0-B241-4DB1-AF46-41CF77131134}.Debug|x86.Build.0 = Debug|Any CPU
		{4063CDB0-B241-4DB1-AF46-41CF77131134}.Release|Any CPU.ActiveCfg = Release|Any CPU
		{4063CDB0-B241-4DB1-AF46-41CF77131134}.Release|Any CPU.Build.0 = Release|Any CPU
		{4063CDB0-B241-4DB1-AF46-41CF77131134}.Release|x64.ActiveCfg = Release|Any CPU
		{4063CDB0-B241-4DB1-AF46-41CF77131134}.Release|x64.Build.0 = Release|Any CPU
		{4063CDB0-B241-4DB1-AF46-41CF77131134}.Release|x86.ActiveCfg = Release|Any CPU
		{4063CDB0-B241-4DB1-AF46-41CF77131134}.Release|x86.Build.0 = Release|Any CPU
		{42DE476B-4630-41DE-B371-A13BAC9B32A7}.Debug|Any CPU.ActiveCfg = Debug|Any CPU
		{42DE476B-4630-41DE-B371-A13BAC9B32A7}.Debug|Any CPU.Build.0 = Debug|Any CPU
		{42DE476B-4630-41DE-B371-A13BAC9B32A7}.Debug|x64.ActiveCfg = Debug|Any CPU
		{42DE476B-4630-41DE-B371-A13BAC9B32A7}.Debug|x64.Build.0 = Debug|Any CPU
		{42DE476B-4630-41DE-B371-A13BAC9B32A7}.Debug|x86.ActiveCfg = Debug|Any CPU
		{42DE476B-4630-41DE-B371-A13BAC9B32A7}.Debug|x86.Build.0 = Debug|Any CPU
		{42DE476B-4630-41DE-B371-A13BAC9B32A7}.Release|Any CPU.ActiveCfg = Release|Any CPU
		{42DE476B-4630-41DE-B371-A13BAC9B32A7}.Release|Any CPU.Build.0 = Release|Any CPU
		{42DE476B-4630-41DE-B371-A13BAC9B32A7}.Release|x64.ActiveCfg = Release|Any CPU
		{42DE476B-4630-41DE-B371-A13BAC9B32A7}.Release|x64.Build.0 = Release|Any CPU
		{42DE476B-4630-41DE-B371-A13BAC9B32A7}.Release|x86.ActiveCfg = Release|Any CPU
		{42DE476B-4630-41DE-B371-A13BAC9B32A7}.Release|x86.Build.0 = Release|Any CPU
		{70C6A77B-2983-46FD-B9BC-4D686773FCB5}.Debug|Any CPU.ActiveCfg = Debug|Any CPU
		{70C6A77B-2983-46FD-B9BC-4D686773FCB5}.Debug|Any CPU.Build.0 = Debug|Any CPU
		{70C6A77B-2983-46FD-B9BC-4D686773FCB5}.Debug|x64.ActiveCfg = Debug|Any CPU
		{70C6A77B-2983-46FD-B9BC-4D686773FCB5}.Debug|x64.Build.0 = Debug|Any CPU
		{70C6A77B-2983-46FD-B9BC-4D686773FCB5}.Debug|x86.ActiveCfg = Debug|Any CPU
		{70C6A77B-2983-46FD-B9BC-4D686773FCB5}.Debug|x86.Build.0 = Debug|Any CPU
		{70C6A77B-2983-46FD-B9BC-4D686773FCB5}.Release|Any CPU.ActiveCfg = Release|Any CPU
		{70C6A77B-2983-46FD-B9BC-4D686773FCB5}.Release|Any CPU.Build.0 = Release|Any CPU
		{70C6A77B-2983-46FD-B9BC-4D686773FCB5}.Release|x64.ActiveCfg = Release|Any CPU
		{70C6A77B-2983-46FD-B9BC-4D686773FCB5}.Release|x64.Build.0 = Release|Any CPU
		{70C6A77B-2983-46FD-B9BC-4D686773FCB5}.Release|x86.ActiveCfg = Release|Any CPU
		{70C6A77B-2983-46FD-B9BC-4D686773FCB5}.Release|x86.Build.0 = Release|Any CPU
		{E3583456-7B1E-4DB7-9040-8269A26A0CB8}.Debug|Any CPU.ActiveCfg = Debug|Any CPU
		{E3583456-7B1E-4DB7-9040-8269A26A0CB8}.Debug|Any CPU.Build.0 = Debug|Any CPU
		{E3583456-7B1E-4DB7-9040-8269A26A0CB8}.Debug|x64.ActiveCfg = Debug|Any CPU
		{E3583456-7B1E-4DB7-9040-8269A26A0CB8}.Debug|x64.Build.0 = Debug|Any CPU
		{E3583456-7B1E-4DB7-9040-8269A26A0CB8}.Debug|x86.ActiveCfg = Debug|Any CPU
		{E3583456-7B1E-4DB7-9040-8269A26A0CB8}.Debug|x86.Build.0 = Debug|Any CPU
		{E3583456-7B1E-4DB7-9040-8269A26A0CB8}.Release|Any CPU.ActiveCfg = Release|Any CPU
		{E3583456-7B1E-4DB7-9040-8269A26A0CB8}.Release|Any CPU.Build.0 = Release|Any CPU
		{E3583456-7B1E-4DB7-9040-8269A26A0CB8}.Release|x64.ActiveCfg = Release|Any CPU
		{E3583456-7B1E-4DB7-9040-8269A26A0CB8}.Release|x64.Build.0 = Release|Any CPU
		{E3583456-7B1E-4DB7-9040-8269A26A0CB8}.Release|x86.ActiveCfg = Release|Any CPU
		{E3583456-7B1E-4DB7-9040-8269A26A0CB8}.Release|x86.Build.0 = Release|Any CPU
		{C7F498F2-8D33-42C2-BCBB-21D29D7B4187}.Debug|Any CPU.ActiveCfg = Debug|Any CPU
		{C7F498F2-8D33-42C2-BCBB-21D29D7B4187}.Debug|Any CPU.Build.0 = Debug|Any CPU
		{C7F498F2-8D33-42C2-BCBB-21D29D7B4187}.Debug|x64.ActiveCfg = Debug|Any CPU
		{C7F498F2-8D33-42C2-BCBB-21D29D7B4187}.Debug|x64.Build.0 = Debug|Any CPU
		{C7F498F2-8D33-42C2-BCBB-21D29D7B4187}.Debug|x86.ActiveCfg = Debug|Any CPU
		{C7F498F2-8D33-42C2-BCBB-21D29D7B4187}.Debug|x86.Build.0 = Debug|Any CPU
		{C7F498F2-8D33-42C2-BCBB-21D29D7B4187}.Release|Any CPU.ActiveCfg = Release|Any CPU
		{C7F498F2-8D33-42C2-BCBB-21D29D7B4187}.Release|Any CPU.Build.0 = Release|Any CPU
		{C7F498F2-8D33-42C2-BCBB-21D29D7B4187}.Release|x64.ActiveCfg = Release|Any CPU
		{C7F498F2-8D33-42C2-BCBB-21D29D7B4187}.Release|x64.Build.0 = Release|Any CPU
		{C7F498F2-8D33-42C2-BCBB-21D29D7B4187}.Release|x86.ActiveCfg = Release|Any CPU
		{C7F498F2-8D33-42C2-BCBB-21D29D7B4187}.Release|x86.Build.0 = Release|Any CPU
		{068F519A-2F35-40DA-AA7F-501C8EF0CBF5}.Debug|Any CPU.ActiveCfg = Debug|Any CPU
		{068F519A-2F35-40DA-AA7F-501C8EF0CBF5}.Debug|Any CPU.Build.0 = Debug|Any CPU
		{068F519A-2F35-40DA-AA7F-501C8EF0CBF5}.Debug|x64.ActiveCfg = Debug|Any CPU
		{068F519A-2F35-40DA-AA7F-501C8EF0CBF5}.Debug|x64.Build.0 = Debug|Any CPU
		{068F519A-2F35-40DA-AA7F-501C8EF0CBF5}.Debug|x86.ActiveCfg = Debug|Any CPU
		{068F519A-2F35-40DA-AA7F-501C8EF0CBF5}.Debug|x86.Build.0 = Debug|Any CPU
		{068F519A-2F35-40DA-AA7F-501C8EF0CBF5}.Release|Any CPU.ActiveCfg = Release|Any CPU
		{068F519A-2F35-40DA-AA7F-501C8EF0CBF5}.Release|Any CPU.Build.0 = Release|Any CPU
		{068F519A-2F35-40DA-AA7F-501C8EF0CBF5}.Release|x64.ActiveCfg = Release|Any CPU
		{068F519A-2F35-40DA-AA7F-501C8EF0CBF5}.Release|x64.Build.0 = Release|Any CPU
		{068F519A-2F35-40DA-AA7F-501C8EF0CBF5}.Release|x86.ActiveCfg = Release|Any CPU
		{068F519A-2F35-40DA-AA7F-501C8EF0CBF5}.Release|x86.Build.0 = Release|Any CPU
		{7197E8FE-0FB2-4758-9210-A30D887D27DE}.Debug|Any CPU.ActiveCfg = Debug|Any CPU
		{7197E8FE-0FB2-4758-9210-A30D887D27DE}.Debug|Any CPU.Build.0 = Debug|Any CPU
		{7197E8FE-0FB2-4758-9210-A30D887D27DE}.Debug|x64.ActiveCfg = Debug|Any CPU
		{7197E8FE-0FB2-4758-9210-A30D887D27DE}.Debug|x64.Build.0 = Debug|Any CPU
		{7197E8FE-0FB2-4758-9210-A30D887D27DE}.Debug|x86.ActiveCfg = Debug|Any CPU
		{7197E8FE-0FB2-4758-9210-A30D887D27DE}.Debug|x86.Build.0 = Debug|Any CPU
		{7197E8FE-0FB2-4758-9210-A30D887D27DE}.Release|Any CPU.ActiveCfg = Release|Any CPU
		{7197E8FE-0FB2-4758-9210-A30D887D27DE}.Release|Any CPU.Build.0 = Release|Any CPU
		{7197E8FE-0FB2-4758-9210-A30D887D27DE}.Release|x64.ActiveCfg = Release|Any CPU
		{7197E8FE-0FB2-4758-9210-A30D887D27DE}.Release|x64.Build.0 = Release|Any CPU
		{7197E8FE-0FB2-4758-9210-A30D887D27DE}.Release|x86.ActiveCfg = Release|Any CPU
		{7197E8FE-0FB2-4758-9210-A30D887D27DE}.Release|x86.Build.0 = Release|Any CPU
	EndGlobalSection
	GlobalSection(SolutionProperties) = preSolution
		HideSolutionNode = FALSE
	EndGlobalSection
	GlobalSection(NestedProjects) = preSolution
		{0F9113EE-888A-26D2-68B0-4A7D0A2A8745} = {1AE8ACA6-933B-BF2A-3671-3E2EAC007D16}
		{26560644-ED47-7786-0701-E1E5D228FF61} = {0F9113EE-888A-26D2-68B0-4A7D0A2A8745}
		{AEA34154-5FC4-420F-A45B-C5B198FC4046} = {26560644-ED47-7786-0701-E1E5D228FF61}
		{98430A48-F7A9-8C15-CB60-991D07402761} = {0F9113EE-888A-26D2-68B0-4A7D0A2A8745}
		{4063CDB0-B241-4DB1-AF46-41CF77131134} = {98430A48-F7A9-8C15-CB60-991D07402761}
		{60BC86BC-E498-3BAF-6A4B-98E56BCB06EC} = {0F9113EE-888A-26D2-68B0-4A7D0A2A8745}
		{42DE476B-4630-41DE-B371-A13BAC9B32A7} = {60BC86BC-E498-3BAF-6A4B-98E56BCB06EC}
		{F2B8F2AD-3D11-5785-8239-4B0A21A827E5} = {0F9113EE-888A-26D2-68B0-4A7D0A2A8745}
		{70C6A77B-2983-46FD-B9BC-4D686773FCB5} = {F2B8F2AD-3D11-5785-8239-4B0A21A827E5}
		{F57642F3-C37C-D174-720E-6A6AAD5BEE22} = {1AE8ACA6-933B-BF2A-3671-3E2EAC007D16}
		{A0B7CB25-DBDE-143D-CD2F-1157DE3CF282} = {F57642F3-C37C-D174-720E-6A6AAD5BEE22}
		{E3583456-7B1E-4DB7-9040-8269A26A0CB8} = {A0B7CB25-DBDE-143D-CD2F-1157DE3CF282}
		{C7F498F2-8D33-42C2-BCBB-21D29D7B4187} = {F57642F3-C37C-D174-720E-6A6AAD5BEE22}
		{068F519A-2F35-40DA-AA7F-501C8EF0CBF5} = {F57642F3-C37C-D174-720E-6A6AAD5BEE22}
		{7197E8FE-0FB2-4758-9210-A30D887D27DE} = {F57642F3-C37C-D174-720E-6A6AAD5BEE22}
	EndGlobalSection
EndGlobal
